// !$*UTF8*$!
{
	archiveVersion = 1;
	classes = {
	};
	objectVersion = 50;
	objects = {

/* Begin PBXBuildFile section */
		7CA7ED8A17F876F96E1AB2D7 /* Pods_Pace.framework in Frameworks */ = {isa = PBXBuildFile; fileRef = F26F1DA65099A20C34013ED2 /* Pods_Pace.framework */; };
		AA0C2DFA20B6E5A000773614 /* AppDelegate.swift in Sources */ = {isa = PBXBuildFile; fileRef = AA0C2DF920B6E5A000773614 /* AppDelegate.swift */; };
		AA0C2DFC20B6E5A000773614 /* ViewController.swift in Sources */ = {isa = PBXBuildFile; fileRef = AA0C2DFB20B6E5A000773614 /* ViewController.swift */; };
		AA0C2DFF20B6E5A000773614 /* Main.storyboard in Resources */ = {isa = PBXBuildFile; fileRef = AA0C2DFD20B6E5A000773614 /* Main.storyboard */; };
		AA0C2E0120B6E5A200773614 /* Assets.xcassets in Resources */ = {isa = PBXBuildFile; fileRef = AA0C2E0020B6E5A200773614 /* Assets.xcassets */; };
		AA0C2E0420B6E5A200773614 /* LaunchScreen.storyboard in Resources */ = {isa = PBXBuildFile; fileRef = AA0C2E0220B6E5A200773614 /* LaunchScreen.storyboard */; };
		AA0C2E0F20B6E5A200773614 /* PaceTests.swift in Sources */ = {isa = PBXBuildFile; fileRef = AA0C2E0E20B6E5A200773614 /* PaceTests.swift */; };
		AA0C2E1A20B6E5A200773614 /* PaceUITests.swift in Sources */ = {isa = PBXBuildFile; fileRef = AA0C2E1920B6E5A200773614 /* PaceUITests.swift */; };
		AAB8080820B8582400C11E57 /* LocationUtils.swift in Sources */ = {isa = PBXBuildFile; fileRef = AAB8080720B8582400C11E57 /* LocationUtils.swift */; };
		AAD3372820C03EF900866608 /* LocationModel.swift in Sources */ = {isa = PBXBuildFile; fileRef = AAD3372720C03EF900866608 /* LocationModel.swift */; };
		AAD3372C20C0410300866608 /* DriveScore.m in Sources */ = {isa = PBXBuildFile; fileRef = AAD3372B20C0410300866608 /* DriveScore.m */; };
		AAD3372E20C1143C00866608 /* DataUtils.swift in Sources */ = {isa = PBXBuildFile; fileRef = AAD3372D20C1143C00866608 /* DataUtils.swift */; };
		AAD3373120C1281800866608 /* LocationDataSource.swift in Sources */ = {isa = PBXBuildFile; fileRef = AAD3373020C1281800866608 /* LocationDataSource.swift */; };
/* End PBXBuildFile section */

/* Begin PBXContainerItemProxy section */
		AA0C2E0B20B6E5A200773614 /* PBXContainerItemProxy */ = {
			isa = PBXContainerItemProxy;
			containerPortal = AA0C2DEE20B6E5A000773614 /* Project object */;
			proxyType = 1;
			remoteGlobalIDString = AA0C2DF520B6E5A000773614;
			remoteInfo = Pace;
		};
		AA0C2E1620B6E5A200773614 /* PBXContainerItemProxy */ = {
			isa = PBXContainerItemProxy;
			containerPortal = AA0C2DEE20B6E5A000773614 /* Project object */;
			proxyType = 1;
			remoteGlobalIDString = AA0C2DF520B6E5A000773614;
			remoteInfo = Pace;
		};
/* End PBXContainerItemProxy section */

/* Begin PBXFileReference section */
		9C05F98548A47B234CC7DC39 /* Pods-Pace.debug.xcconfig */ = {isa = PBXFileReference; includeInIndex = 1; lastKnownFileType = text.xcconfig; name = "Pods-Pace.debug.xcconfig"; path = "Pods/Target Support Files/Pods-Pace/Pods-Pace.debug.xcconfig"; sourceTree = "<group>"; };
		AA0C2DF620B6E5A000773614 /* Pace.app */ = {isa = PBXFileReference; explicitFileType = wrapper.application; includeInIndex = 0; path = Pace.app; sourceTree = BUILT_PRODUCTS_DIR; };
		AA0C2DF920B6E5A000773614 /* AppDelegate.swift */ = {isa = PBXFileReference; lastKnownFileType = sourcecode.swift; path = AppDelegate.swift; sourceTree = "<group>"; };
		AA0C2DFB20B6E5A000773614 /* ViewController.swift */ = {isa = PBXFileReference; lastKnownFileType = sourcecode.swift; path = ViewController.swift; sourceTree = "<group>"; };
		AA0C2DFE20B6E5A000773614 /* Base */ = {isa = PBXFileReference; lastKnownFileType = file.storyboard; name = Base; path = Base.lproj/Main.storyboard; sourceTree = "<group>"; };
		AA0C2E0020B6E5A200773614 /* Assets.xcassets */ = {isa = PBXFileReference; lastKnownFileType = folder.assetcatalog; path = Assets.xcassets; sourceTree = "<group>"; };
		AA0C2E0320B6E5A200773614 /* Base */ = {isa = PBXFileReference; lastKnownFileType = file.storyboard; name = Base; path = Base.lproj/LaunchScreen.storyboard; sourceTree = "<group>"; };
		AA0C2E0520B6E5A200773614 /* Info.plist */ = {isa = PBXFileReference; lastKnownFileType = text.plist.xml; path = Info.plist; sourceTree = "<group>"; };
		AA0C2E0A20B6E5A200773614 /* PaceTests.xctest */ = {isa = PBXFileReference; explicitFileType = wrapper.cfbundle; includeInIndex = 0; path = PaceTests.xctest; sourceTree = BUILT_PRODUCTS_DIR; };
		AA0C2E0E20B6E5A200773614 /* PaceTests.swift */ = {isa = PBXFileReference; lastKnownFileType = sourcecode.swift; path = PaceTests.swift; sourceTree = "<group>"; };
		AA0C2E1020B6E5A200773614 /* Info.plist */ = {isa = PBXFileReference; lastKnownFileType = text.plist.xml; path = Info.plist; sourceTree = "<group>"; };
		AA0C2E1520B6E5A200773614 /* PaceUITests.xctest */ = {isa = PBXFileReference; explicitFileType = wrapper.cfbundle; includeInIndex = 0; path = PaceUITests.xctest; sourceTree = BUILT_PRODUCTS_DIR; };
		AA0C2E1920B6E5A200773614 /* PaceUITests.swift */ = {isa = PBXFileReference; lastKnownFileType = sourcecode.swift; path = PaceUITests.swift; sourceTree = "<group>"; };
		AA0C2E1B20B6E5A200773614 /* Info.plist */ = {isa = PBXFileReference; lastKnownFileType = text.plist.xml; path = Info.plist; sourceTree = "<group>"; };
		AAB8080720B8582400C11E57 /* LocationUtils.swift */ = {isa = PBXFileReference; lastKnownFileType = sourcecode.swift; path = LocationUtils.swift; sourceTree = "<group>"; };
		AAD3372720C03EF900866608 /* LocationModel.swift */ = {isa = PBXFileReference; lastKnownFileType = sourcecode.swift; path = LocationModel.swift; sourceTree = "<group>"; };
		AAD3372920C0410100866608 /* Pace-Bridging-Header.h */ = {isa = PBXFileReference; lastKnownFileType = sourcecode.c.h; path = "Pace-Bridging-Header.h"; sourceTree = "<group>"; };
		AAD3372A20C0410300866608 /* DriveScore.h */ = {isa = PBXFileReference; fileEncoding = 4; lastKnownFileType = sourcecode.c.h; path = DriveScore.h; sourceTree = "<group>"; };
		AAD3372B20C0410300866608 /* DriveScore.m */ = {isa = PBXFileReference; fileEncoding = 4; lastKnownFileType = sourcecode.c.objc; path = DriveScore.m; sourceTree = "<group>"; };
		AAD3372D20C1143C00866608 /* DataUtils.swift */ = {isa = PBXFileReference; lastKnownFileType = sourcecode.swift; path = DataUtils.swift; sourceTree = "<group>"; };
		AAD3373020C1281800866608 /* LocationDataSource.swift */ = {isa = PBXFileReference; lastKnownFileType = sourcecode.swift; path = LocationDataSource.swift; sourceTree = "<group>"; };
		EB8A191FC33E08317C1E76D3 /* Pods-Pace.release.xcconfig */ = {isa = PBXFileReference; includeInIndex = 1; lastKnownFileType = text.xcconfig; name = "Pods-Pace.release.xcconfig"; path = "Pods/Target Support Files/Pods-Pace/Pods-Pace.release.xcconfig"; sourceTree = "<group>"; };
		F26F1DA65099A20C34013ED2 /* Pods_Pace.framework */ = {isa = PBXFileReference; explicitFileType = wrapper.framework; includeInIndex = 0; path = Pods_Pace.framework; sourceTree = BUILT_PRODUCTS_DIR; };
/* End PBXFileReference section */

/* Begin PBXFrameworksBuildPhase section */
		AA0C2DF320B6E5A000773614 /* Frameworks */ = {
			isa = PBXFrameworksBuildPhase;
			buildActionMask = 2147483647;
			files = (
				7CA7ED8A17F876F96E1AB2D7 /* Pods_Pace.framework in Frameworks */,
			);
			runOnlyForDeploymentPostprocessing = 0;
		};
		AA0C2E0720B6E5A200773614 /* Frameworks */ = {
			isa = PBXFrameworksBuildPhase;
			buildActionMask = 2147483647;
			files = (
			);
			runOnlyForDeploymentPostprocessing = 0;
		};
		AA0C2E1220B6E5A200773614 /* Frameworks */ = {
			isa = PBXFrameworksBuildPhase;
			buildActionMask = 2147483647;
			files = (
			);
			runOnlyForDeploymentPostprocessing = 0;
		};
/* End PBXFrameworksBuildPhase section */

/* Begin PBXGroup section */
		97CD50D983B5ABBC71DCFFD3 /* Pods */ = {
			isa = PBXGroup;
			children = (
				9C05F98548A47B234CC7DC39 /* Pods-Pace.debug.xcconfig */,
				EB8A191FC33E08317C1E76D3 /* Pods-Pace.release.xcconfig */,
			);
			name = Pods;
			sourceTree = "<group>";
		};
		A95F193CB232D7EAC1D9171B /* Frameworks */ = {
			isa = PBXGroup;
			children = (
				F26F1DA65099A20C34013ED2 /* Pods_Pace.framework */,
			);
			name = Frameworks;
			sourceTree = "<group>";
		};
		AA0C2DED20B6E5A000773614 = {
			isa = PBXGroup;
			children = (
				AA0C2DF820B6E5A000773614 /* Pace */,
				AA0C2E0D20B6E5A200773614 /* PaceTests */,
				AA0C2E1820B6E5A200773614 /* PaceUITests */,
				AA0C2DF720B6E5A000773614 /* Products */,
				97CD50D983B5ABBC71DCFFD3 /* Pods */,
				A95F193CB232D7EAC1D9171B /* Frameworks */,
			);
			sourceTree = "<group>";
		};
		AA0C2DF720B6E5A000773614 /* Products */ = {
			isa = PBXGroup;
			children = (
				AA0C2DF620B6E5A000773614 /* Pace.app */,
				AA0C2E0A20B6E5A200773614 /* PaceTests.xctest */,
				AA0C2E1520B6E5A200773614 /* PaceUITests.xctest */,
			);
			name = Products;
			sourceTree = "<group>";
		};
		AA0C2DF820B6E5A000773614 /* Pace */ = {
			isa = PBXGroup;
			children = (
				AAD3373220C139D200866608 /* Location */,
				AA0C2DF920B6E5A000773614 /* AppDelegate.swift */,
				AAD3372A20C0410300866608 /* DriveScore.h */,
				AAD3372B20C0410300866608 /* DriveScore.m */,
				AA0C2DFD20B6E5A000773614 /* Main.storyboard */,
				AA0C2E0020B6E5A200773614 /* Assets.xcassets */,
				AA0C2E0220B6E5A200773614 /* LaunchScreen.storyboard */,
				AA0C2E0520B6E5A200773614 /* Info.plist */,
				AAD3372920C0410100866608 /* Pace-Bridging-Header.h */,
			);
			path = Pace;
			sourceTree = "<group>";
		};
		AA0C2E0D20B6E5A200773614 /* PaceTests */ = {
			isa = PBXGroup;
			children = (
				AA0C2E0E20B6E5A200773614 /* PaceTests.swift */,
				AA0C2E1020B6E5A200773614 /* Info.plist */,
			);
			path = PaceTests;
			sourceTree = "<group>";
		};
		AA0C2E1820B6E5A200773614 /* PaceUITests */ = {
			isa = PBXGroup;
			children = (
				AA0C2E1920B6E5A200773614 /* PaceUITests.swift */,
				AA0C2E1B20B6E5A200773614 /* Info.plist */,
			);
			path = PaceUITests;
			sourceTree = "<group>";
		};
		AAD3372F20C1203E00866608 /* Model */ = {
			isa = PBXGroup;
			children = (
				AAD3372720C03EF900866608 /* LocationModel.swift */,
				AAD3373020C1281800866608 /* LocationDataSource.swift */,
			);
			path = Model;
			sourceTree = "<group>";
		};
		AAD3373220C139D200866608 /* Location */ = {
			isa = PBXGroup;
			children = (
				AAD3372F20C1203E00866608 /* Model */,
				AAD3373420C13A0500866608 /* ViewController */,
				AAD3373320C139EB00866608 /* Utils */,
			);
			path = Location;
			sourceTree = "<group>";
		};
		AAD3373320C139EB00866608 /* Utils */ = {
			isa = PBXGroup;
			children = (
				AAD3372D20C1143C00866608 /* DataUtils.swift */,
				AAB8080720B8582400C11E57 /* LocationUtils.swift */,
			);
			path = Utils;
			sourceTree = "<group>";
		};
		AAD3373420C13A0500866608 /* ViewController */ = {
			isa = PBXGroup;
			children = (
				AA0C2DFB20B6E5A000773614 /* ViewController.swift */,
			);
			path = ViewController;
			sourceTree = "<group>";
		};
/* End PBXGroup section */

/* Begin PBXNativeTarget section */
		AA0C2DF520B6E5A000773614 /* Pace */ = {
			isa = PBXNativeTarget;
			buildConfigurationList = AA0C2E1E20B6E5A200773614 /* Build configuration list for PBXNativeTarget "Pace" */;
			buildPhases = (
				3156FD6885C7BEEF2E0C5DC7 /* [CP] Check Pods Manifest.lock */,
				AA0C2DF220B6E5A000773614 /* Sources */,
				AA0C2DF320B6E5A000773614 /* Frameworks */,
				AA0C2DF420B6E5A000773614 /* Resources */,
				A3E8F457EEEA373839EA70AF /* [CP] Embed Pods Frameworks */,
			);
			buildRules = (
			);
			dependencies = (
			);
			name = Pace;
			productName = Pace;
			productReference = AA0C2DF620B6E5A000773614 /* Pace.app */;
			productType = "com.apple.product-type.application";
		};
		AA0C2E0920B6E5A200773614 /* PaceTests */ = {
			isa = PBXNativeTarget;
			buildConfigurationList = AA0C2E2120B6E5A200773614 /* Build configuration list for PBXNativeTarget "PaceTests" */;
			buildPhases = (
				AA0C2E0620B6E5A200773614 /* Sources */,
				AA0C2E0720B6E5A200773614 /* Frameworks */,
				AA0C2E0820B6E5A200773614 /* Resources */,
			);
			buildRules = (
			);
			dependencies = (
				AA0C2E0C20B6E5A200773614 /* PBXTargetDependency */,
			);
			name = PaceTests;
			productName = PaceTests;
			productReference = AA0C2E0A20B6E5A200773614 /* PaceTests.xctest */;
			productType = "com.apple.product-type.bundle.unit-test";
		};
		AA0C2E1420B6E5A200773614 /* PaceUITests */ = {
			isa = PBXNativeTarget;
			buildConfigurationList = AA0C2E2420B6E5A200773614 /* Build configuration list for PBXNativeTarget "PaceUITests" */;
			buildPhases = (
				AA0C2E1120B6E5A200773614 /* Sources */,
				AA0C2E1220B6E5A200773614 /* Frameworks */,
				AA0C2E1320B6E5A200773614 /* Resources */,
			);
			buildRules = (
			);
			dependencies = (
				AA0C2E1720B6E5A200773614 /* PBXTargetDependency */,
			);
			name = PaceUITests;
			productName = PaceUITests;
			productReference = AA0C2E1520B6E5A200773614 /* PaceUITests.xctest */;
			productType = "com.apple.product-type.bundle.ui-testing";
		};
/* End PBXNativeTarget section */

/* Begin PBXProject section */
		AA0C2DEE20B6E5A000773614 /* Project object */ = {
			isa = PBXProject;
			attributes = {
				LastSwiftUpdateCheck = 0930;
				LastUpgradeCheck = 0930;
				ORGANIZATIONNAME = ethan;
				TargetAttributes = {
					AA0C2DF520B6E5A000773614 = {
						CreatedOnToolsVersion = 9.3.1;
						LastSwiftMigration = 0930;
						SystemCapabilities = {
							com.apple.BackgroundModes = {
								enabled = 1;
							};
						};
					};
					AA0C2E0920B6E5A200773614 = {
						CreatedOnToolsVersion = 9.3.1;
						TestTargetID = AA0C2DF520B6E5A000773614;
					};
					AA0C2E1420B6E5A200773614 = {
						CreatedOnToolsVersion = 9.3.1;
						TestTargetID = AA0C2DF520B6E5A000773614;
					};
				};
			};
			buildConfigurationList = AA0C2DF120B6E5A000773614 /* Build configuration list for PBXProject "Pace" */;
			compatibilityVersion = "Xcode 9.3";
			developmentRegion = en;
			hasScannedForEncodings = 0;
			knownRegions = (
				en,
				Base,
			);
			mainGroup = AA0C2DED20B6E5A000773614;
			productRefGroup = AA0C2DF720B6E5A000773614 /* Products */;
			projectDirPath = "";
			projectRoot = "";
			targets = (
				AA0C2DF520B6E5A000773614 /* Pace */,
				AA0C2E0920B6E5A200773614 /* PaceTests */,
				AA0C2E1420B6E5A200773614 /* PaceUITests */,
			);
		};
/* End PBXProject section */

/* Begin PBXResourcesBuildPhase section */
		AA0C2DF420B6E5A000773614 /* Resources */ = {
			isa = PBXResourcesBuildPhase;
			buildActionMask = 2147483647;
			files = (
				AA0C2E0420B6E5A200773614 /* LaunchScreen.storyboard in Resources */,
				AA0C2E0120B6E5A200773614 /* Assets.xcassets in Resources */,
				AA0C2DFF20B6E5A000773614 /* Main.storyboard in Resources */,
			);
			runOnlyForDeploymentPostprocessing = 0;
		};
		AA0C2E0820B6E5A200773614 /* Resources */ = {
			isa = PBXResourcesBuildPhase;
			buildActionMask = 2147483647;
			files = (
			);
			runOnlyForDeploymentPostprocessing = 0;
		};
		AA0C2E1320B6E5A200773614 /* Resources */ = {
			isa = PBXResourcesBuildPhase;
			buildActionMask = 2147483647;
			files = (
			);
			runOnlyForDeploymentPostprocessing = 0;
		};
/* End PBXResourcesBuildPhase section */

/* Begin PBXShellScriptBuildPhase section */
		3156FD6885C7BEEF2E0C5DC7 /* [CP] Check Pods Manifest.lock */ = {
			isa = PBXShellScriptBuildPhase;
			buildActionMask = 2147483647;
			files = (
			);
			inputPaths = (
				"${PODS_PODFILE_DIR_PATH}/Podfile.lock",
				"${PODS_ROOT}/Manifest.lock",
			);
			name = "[CP] Check Pods Manifest.lock";
			outputPaths = (
				"$(DERIVED_FILE_DIR)/Pods-Pace-checkManifestLockResult.txt",
			);
			runOnlyForDeploymentPostprocessing = 0;
			shellPath = /bin/sh;
			shellScript = "diff \"${PODS_PODFILE_DIR_PATH}/Podfile.lock\" \"${PODS_ROOT}/Manifest.lock\" > /dev/null\nif [ $? != 0 ] ; then\n    # print error to STDERR\n    echo \"error: The sandbox is not in sync with the Podfile.lock. Run 'pod install' or update your CocoaPods installation.\" >&2\n    exit 1\nfi\n# This output is used by Xcode 'outputs' to avoid re-running this script phase.\necho \"SUCCESS\" > \"${SCRIPT_OUTPUT_FILE_0}\"\n";
			showEnvVarsInLog = 0;
		};
		A3E8F457EEEA373839EA70AF /* [CP] Embed Pods Frameworks */ = {
			isa = PBXShellScriptBuildPhase;
			buildActionMask = 2147483647;
			files = (
			);
			inputPaths = (
				"${SRCROOT}/Pods/Target Support Files/Pods-Pace/Pods-Pace-frameworks.sh",
				"${BUILT_PRODUCTS_DIR}/SDWebImage/SDWebImage.framework",
				"${BUILT_PRODUCTS_DIR}/YYCache/YYCache.framework",
			);
			name = "[CP] Embed Pods Frameworks";
			outputPaths = (
				"${TARGET_BUILD_DIR}/${FRAMEWORKS_FOLDER_PATH}/SDWebImage.framework",
				"${TARGET_BUILD_DIR}/${FRAMEWORKS_FOLDER_PATH}/YYCache.framework",
			);
			runOnlyForDeploymentPostprocessing = 0;
			shellPath = /bin/sh;
			shellScript = "\"${SRCROOT}/Pods/Target Support Files/Pods-Pace/Pods-Pace-frameworks.sh\"\n";
			showEnvVarsInLog = 0;
		};
/* End PBXShellScriptBuildPhase section */

/* Begin PBXSourcesBuildPhase section */
		AA0C2DF220B6E5A000773614 /* Sources */ = {
			isa = PBXSourcesBuildPhase;
			buildActionMask = 2147483647;
			files = (
				AAD3373120C1281800866608 /* LocationDataSource.swift in Sources */,
				AAD3372C20C0410300866608 /* DriveScore.m in Sources */,
				AAD3372E20C1143C00866608 /* DataUtils.swift in Sources */,
				AAD3372820C03EF900866608 /* LocationModel.swift in Sources */,
				AA0C2DFC20B6E5A000773614 /* ViewController.swift in Sources */,
				AA0C2DFA20B6E5A000773614 /* AppDelegate.swift in Sources */,
				AAB8080820B8582400C11E57 /* LocationUtils.swift in Sources */,
			);
			runOnlyForDeploymentPostprocessing = 0;
		};
		AA0C2E0620B6E5A200773614 /* Sources */ = {
			isa = PBXSourcesBuildPhase;
			buildActionMask = 2147483647;
			files = (
				AA0C2E0F20B6E5A200773614 /* PaceTests.swift in Sources */,
			);
			runOnlyForDeploymentPostprocessing = 0;
		};
		AA0C2E1120B6E5A200773614 /* Sources */ = {
			isa = PBXSourcesBuildPhase;
			buildActionMask = 2147483647;
			files = (
				AA0C2E1A20B6E5A200773614 /* PaceUITests.swift in Sources */,
			);
			runOnlyForDeploymentPostprocessing = 0;
		};
/* End PBXSourcesBuildPhase section */

/* Begin PBXTargetDependency section */
		AA0C2E0C20B6E5A200773614 /* PBXTargetDependency */ = {
			isa = PBXTargetDependency;
			target = AA0C2DF520B6E5A000773614 /* Pace */;
			targetProxy = AA0C2E0B20B6E5A200773614 /* PBXContainerItemProxy */;
		};
		AA0C2E1720B6E5A200773614 /* PBXTargetDependency */ = {
			isa = PBXTargetDependency;
			target = AA0C2DF520B6E5A000773614 /* Pace */;
			targetProxy = AA0C2E1620B6E5A200773614 /* PBXContainerItemProxy */;
		};
/* End PBXTargetDependency section */

/* Begin PBXVariantGroup section */
		AA0C2DFD20B6E5A000773614 /* Main.storyboard */ = {
			isa = PBXVariantGroup;
			children = (
				AA0C2DFE20B6E5A000773614 /* Base */,
			);
			name = Main.storyboard;
			sourceTree = "<group>";
		};
		AA0C2E0220B6E5A200773614 /* LaunchScreen.storyboard */ = {
			isa = PBXVariantGroup;
			children = (
				AA0C2E0320B6E5A200773614 /* Base */,
			);
			name = LaunchScreen.storyboard;
			sourceTree = "<group>";
		};
/* End PBXVariantGroup section */

/* Begin XCBuildConfiguration section */
		AA0C2E1C20B6E5A200773614 /* Debug */ = {
			isa = XCBuildConfiguration;
			buildSettings = {
				ALWAYS_SEARCH_USER_PATHS = NO;
				CLANG_ANALYZER_NONNULL = YES;
				CLANG_ANALYZER_NUMBER_OBJECT_CONVERSION = YES_AGGRESSIVE;
				CLANG_CXX_LANGUAGE_STANDARD = "gnu++14";
				CLANG_CXX_LIBRARY = "libc++";
				CLANG_ENABLE_MODULES = YES;
				CLANG_ENABLE_OBJC_ARC = YES;
				CLANG_ENABLE_OBJC_WEAK = YES;
				CLANG_WARN_BLOCK_CAPTURE_AUTORELEASING = YES;
				CLANG_WARN_BOOL_CONVERSION = YES;
				CLANG_WARN_COMMA = YES;
				CLANG_WARN_CONSTANT_CONVERSION = YES;
				CLANG_WARN_DEPRECATED_OBJC_IMPLEMENTATIONS = YES;
				CLANG_WARN_DIRECT_OBJC_ISA_USAGE = YES_ERROR;
				CLANG_WARN_DOCUMENTATION_COMMENTS = YES;
				CLANG_WARN_EMPTY_BODY = YES;
				CLANG_WARN_ENUM_CONVERSION = YES;
				CLANG_WARN_INFINITE_RECURSION = YES;
				CLANG_WARN_INT_CONVERSION = YES;
				CLANG_WARN_NON_LITERAL_NULL_CONVERSION = YES;
				CLANG_WARN_OBJC_IMPLICIT_RETAIN_SELF = YES;
				CLANG_WARN_OBJC_LITERAL_CONVERSION = YES;
				CLANG_WARN_OBJC_ROOT_CLASS = YES_ERROR;
				CLANG_WARN_RANGE_LOOP_ANALYSIS = YES;
				CLANG_WARN_STRICT_PROTOTYPES = YES;
				CLANG_WARN_SUSPICIOUS_MOVE = YES;
				CLANG_WARN_UNGUARDED_AVAILABILITY = YES_AGGRESSIVE;
				CLANG_WARN_UNREACHABLE_CODE = YES;
				CLANG_WARN__DUPLICATE_METHOD_MATCH = YES;
				CODE_SIGN_IDENTITY = "iPhone Developer";
				COPY_PHASE_STRIP = NO;
				DEBUG_INFORMATION_FORMAT = dwarf;
				ENABLE_STRICT_OBJC_MSGSEND = YES;
				ENABLE_TESTABILITY = YES;
				GCC_C_LANGUAGE_STANDARD = gnu11;
				GCC_DYNAMIC_NO_PIC = NO;
				GCC_NO_COMMON_BLOCKS = YES;
				GCC_OPTIMIZATION_LEVEL = 0;
				GCC_PREPROCESSOR_DEFINITIONS = (
					"DEBUG=1",
					"$(inherited)",
				);
				GCC_WARN_64_TO_32_BIT_CONVERSION = YES;
				GCC_WARN_ABOUT_RETURN_TYPE = YES_ERROR;
				GCC_WARN_UNDECLARED_SELECTOR = YES;
				GCC_WARN_UNINITIALIZED_AUTOS = YES_AGGRESSIVE;
				GCC_WARN_UNUSED_FUNCTION = YES;
				GCC_WARN_UNUSED_VARIABLE = YES;
				IPHONEOS_DEPLOYMENT_TARGET = 11.3;
				MTL_ENABLE_DEBUG_INFO = YES;
				ONLY_ACTIVE_ARCH = YES;
				SDKROOT = iphoneos;
				SWIFT_ACTIVE_COMPILATION_CONDITIONS = DEBUG;
				SWIFT_OBJC_BRIDGING_HEADER = "Pace/Pace-Bridging-Header.h";
				SWIFT_OPTIMIZATION_LEVEL = "-Onone";
			};
			name = Debug;
		};
		AA0C2E1D20B6E5A200773614 /* Release */ = {
			isa = XCBuildConfiguration;
			buildSettings = {
				ALWAYS_SEARCH_USER_PATHS = NO;
				CLANG_ANALYZER_NONNULL = YES;
				CLANG_ANALYZER_NUMBER_OBJECT_CONVERSION = YES_AGGRESSIVE;
				CLANG_CXX_LANGUAGE_STANDARD = "gnu++14";
				CLANG_CXX_LIBRARY = "libc++";
				CLANG_ENABLE_MODULES = YES;
				CLANG_ENABLE_OBJC_ARC = YES;
				CLANG_ENABLE_OBJC_WEAK = YES;
				CLANG_WARN_BLOCK_CAPTURE_AUTORELEASING = YES;
				CLANG_WARN_BOOL_CONVERSION = YES;
				CLANG_WARN_COMMA = YES;
				CLANG_WARN_CONSTANT_CONVERSION = YES;
				CLANG_WARN_DEPRECATED_OBJC_IMPLEMENTATIONS = YES;
				CLANG_WARN_DIRECT_OBJC_ISA_USAGE = YES_ERROR;
				CLANG_WARN_DOCUMENTATION_COMMENTS = YES;
				CLANG_WARN_EMPTY_BODY = YES;
				CLANG_WARN_ENUM_CONVERSION = YES;
				CLANG_WARN_INFINITE_RECURSION = YES;
				CLANG_WARN_INT_CONVERSION = YES;
				CLANG_WARN_NON_LITERAL_NULL_CONVERSION = YES;
				CLANG_WARN_OBJC_IMPLICIT_RETAIN_SELF = YES;
				CLANG_WARN_OBJC_LITERAL_CONVERSION = YES;
				CLANG_WARN_OBJC_ROOT_CLASS = YES_ERROR;
				CLANG_WARN_RANGE_LOOP_ANALYSIS = YES;
				CLANG_WARN_STRICT_PROTOTYPES = YES;
				CLANG_WARN_SUSPICIOUS_MOVE = YES;
				CLANG_WARN_UNGUARDED_AVAILABILITY = YES_AGGRESSIVE;
				CLANG_WARN_UNREACHABLE_CODE = YES;
				CLANG_WARN__DUPLICATE_METHOD_MATCH = YES;
				CODE_SIGN_IDENTITY = "iPhone Developer";
				COPY_PHASE_STRIP = NO;
				DEBUG_INFORMATION_FORMAT = "dwarf-with-dsym";
				ENABLE_NS_ASSERTIONS = NO;
				ENABLE_STRICT_OBJC_MSGSEND = YES;
				GCC_C_LANGUAGE_STANDARD = gnu11;
				GCC_NO_COMMON_BLOCKS = YES;
				GCC_WARN_64_TO_32_BIT_CONVERSION = YES;
				GCC_WARN_ABOUT_RETURN_TYPE = YES_ERROR;
				GCC_WARN_UNDECLARED_SELECTOR = YES;
				GCC_WARN_UNINITIALIZED_AUTOS = YES_AGGRESSIVE;
				GCC_WARN_UNUSED_FUNCTION = YES;
				GCC_WARN_UNUSED_VARIABLE = YES;
				IPHONEOS_DEPLOYMENT_TARGET = 11.3;
				MTL_ENABLE_DEBUG_INFO = NO;
				SDKROOT = iphoneos;
				SWIFT_COMPILATION_MODE = wholemodule;
				SWIFT_OBJC_BRIDGING_HEADER = "Pace/Pace-Bridging-Header.h";
				SWIFT_OPTIMIZATION_LEVEL = "-O";
				VALIDATE_PRODUCT = YES;
			};
			name = Release;
		};
		AA0C2E1F20B6E5A200773614 /* Debug */ = {
			isa = XCBuildConfiguration;
			baseConfigurationReference = 9C05F98548A47B234CC7DC39 /* Pods-Pace.debug.xcconfig */;
			buildSettings = {
				ASSETCATALOG_COMPILER_APPICON_NAME = AppIcon;
				CLANG_ENABLE_MODULES = YES;
				CODE_SIGN_STYLE = Automatic;
				DEVELOPMENT_TEAM = 9G7W87LCKL;
				INFOPLIST_FILE = Pace/Info.plist;
				IPHONEOS_DEPLOYMENT_TARGET = 9.0;
				LD_RUNPATH_SEARCH_PATHS = (
					"$(inherited)",
					"@executable_path/Frameworks",
				);
				PRODUCT_BUNDLE_IDENTIFIER = com.momoangel.pace;
				PRODUCT_NAME = "$(TARGET_NAME)";
				SWIFT_OBJC_BRIDGING_HEADER = "Pace/Pace-Bridging-Header.h";
				SWIFT_OPTIMIZATION_LEVEL = "-Onone";
				SWIFT_VERSION = 4.0;
				TARGETED_DEVICE_FAMILY = "1,2";
			};
			name = Debug;
		};
		AA0C2E2020B6E5A200773614 /* Release */ = {
			isa = XCBuildConfiguration;
			baseConfigurationReference = EB8A191FC33E08317C1E76D3 /* Pods-Pace.release.xcconfig */;
			buildSettings = {
				ASSETCATALOG_COMPILER_APPICON_NAME = AppIcon;
				CLANG_ENABLE_MODULES = YES;
				CODE_SIGN_STYLE = Automatic;
				DEVELOPMENT_TEAM = 9G7W87LCKL;
				INFOPLIST_FILE = Pace/Info.plist;
				IPHONEOS_DEPLOYMENT_TARGET = 9.0;
				LD_RUNPATH_SEARCH_PATHS = (
					"$(inherited)",
					"@executable_path/Frameworks",
				);
				PRODUCT_BUNDLE_IDENTIFIER = com.momoangel.pace;
				PRODUCT_NAME = "$(TARGET_NAME)";
				SWIFT_OBJC_BRIDGING_HEADER = "Pace/Pace-Bridging-Header.h";
				SWIFT_VERSION = 4.0;
				TARGETED_DEVICE_FAMILY = "1,2";
			};
			name = Release;
		};
		AA0C2E2220B6E5A200773614 /* Debug */ = {
			isa = XCBuildConfiguration;
			buildSettings = {
				ALWAYS_EMBED_SWIFT_STANDARD_LIBRARIES = YES;
				BUNDLE_LOADER = "$(TEST_HOST)";
				CODE_SIGN_STYLE = Automatic;
				DEVELOPMENT_TEAM = 9G7W87LCKL;
				INFOPLIST_FILE = PaceTests/Info.plist;
				LD_RUNPATH_SEARCH_PATHS = (
					"$(inherited)",
					"@executable_path/Frameworks",
					"@loader_path/Frameworks",
				);
				PRODUCT_BUNDLE_IDENTIFIER = ethan.PaceTests;
				PRODUCT_NAME = "$(TARGET_NAME)";
				SWIFT_VERSION = 4.0;
				TARGETED_DEVICE_FAMILY = "1,2";
				TEST_HOST = "$(BUILT_PRODUCTS_DIR)/Pace.app/Pace";
			};
			name = Debug;
		};
		AA0C2E2320B6E5A200773614 /* Release */ = {
			isa = XCBuildConfiguration;
			buildSettings = {
				ALWAYS_EMBED_SWIFT_STANDARD_LIBRARIES = YES;
				BUNDLE_LOADER = "$(TEST_HOST)";
				CODE_SIGN_STYLE = Automatic;
				DEVELOPMENT_TEAM = 9G7W87LCKL;
				INFOPLIST_FILE = PaceTests/Info.plist;
				LD_RUNPATH_SEARCH_PATHS = (
					"$(inherited)",
					"@executable_path/Frameworks",
					"@loader_path/Frameworks",
				);
				PRODUCT_BUNDLE_IDENTIFIER = ethan.PaceTests;
				PRODUCT_NAME = "$(TARGET_NAME)";
				SWIFT_VERSION = 4.0;
				TARGETED_DEVICE_FAMILY = "1,2";
				TEST_HOST = "$(BUILT_PRODUCTS_DIR)/Pace.app/Pace";
			};
			name = Release;
		};
		AA0C2E2520B6E5A200773614 /* Debug */ = {
			isa = XCBuildConfiguration;
			buildSettings = {
				ALWAYS_EMBED_SWIFT_STANDARD_LIBRARIES = YES;
				CODE_SIGN_STYLE = Automatic;
				DEVELOPMENT_TEAM = 9G7W87LCKL;
				INFOPLIST_FILE = PaceUITests/Info.plist;
				LD_RUNPATH_SEARCH_PATHS = (
					"$(inherited)",
					"@executable_path/Frameworks",
					"@loader_path/Frameworks",
				);
				PRODUCT_BUNDLE_IDENTIFIER = ethan.PaceUITests;
				PRODUCT_NAME = "$(TARGET_NAME)";
				SWIFT_VERSION = 4.0;
				TARGETED_DEVICE_FAMILY = "1,2";
				TEST_TARGET_NAME = Pace;
			};
			name = Debug;
		};
		AA0C2E2620B6E5A200773614 /* Release */ = {
			isa = XCBuildConfiguration;
			buildSettings = {
				ALWAYS_EMBED_SWIFT_STANDARD_LIBRARIES = YES;
				CODE_SIGN_STYLE = Automatic;
				DEVELOPMENT_TEAM = 9G7W87LCKL;
				INFOPLIST_FILE = PaceUITests/Info.plist;
				LD_RUNPATH_SEARCH_PATHS = (
					"$(inherited)",
					"@executable_path/Frameworks",
					"@loader_path/Frameworks",
				);
				PRODUCT_BUNDLE_IDENTIFIER = ethan.PaceUITests;
				PRODUCT_NAME = "$(TARGET_NAME)";
				SWIFT_VERSION = 4.0;
				TARGETED_DEVICE_FAMILY = "1,2";
				TEST_TARGET_NAME = Pace;
			};
			name = Release;
		};
/* End XCBuildConfiguration section */

/* Begin XCConfigurationList section */
		AA0C2DF120B6E5A000773614 /* Build configuration list for PBXProject "Pace" */ = {
			isa = XCConfigurationList;
			buildConfigurations = (
				AA0C2E1C20B6E5A200773614 /* Debug */,
				AA0C2E1D20B6E5A200773614 /* Release */,
			);
			defaultConfigurationIsVisible = 0;
			defaultConfigurationName = Release;
		};
		AA0C2E1E20B6E5A200773614 /* Build configuration list for PBXNativeTarget "Pace" */ = {
			isa = XCConfigurationList;
			buildConfigurations = (
				AA0C2E1F20B6E5A200773614 /* Debug */,
				AA0C2E2020B6E5A200773614 /* Release */,
			);
			defaultConfigurationIsVisible = 0;
			defaultConfigurationName = Release;
		};
		AA0C2E2120B6E5A200773614 /* Build configuration list for PBXNativeTarget "PaceTests" */ = {
			isa = XCConfigurationList;
			buildConfigurations = (
				AA0C2E2220B6E5A200773614 /* Debug */,
				AA0C2E2320B6E5A200773614 /* Release */,
			);
			defaultConfigurationIsVisible = 0;
			defaultConfigurationName = Release;
		};
		AA0C2E2420B6E5A200773614 /* Build configuration list for PBXNativeTarget "PaceUITests" */ = {
			isa = XCConfigurationList;
			buildConfigurations = (
				AA0C2E2520B6E5A200773614 /* Debug */,
				AA0C2E2620B6E5A200773614 /* Release */,
			);
			defaultConfigurationIsVisible = 0;
			defaultConfigurationName = Release;
		};
/* End XCConfigurationList section */
	};
	rootObject = AA0C2DEE20B6E5A000773614 /* Project object */;
}
