PODS:
  - SDWebImage (4.4.1):
    - SDWebImage/Core (= 4.4.1)
  - SDWebImage/Core (4.4.1)
  - YYCache (1.0.4)

DEPENDENCIES:
  - SDWebImage
  - YYCache

SPEC REPOS:
  https://github.com/cocoapods/specs.git:
    - SDWebImage
    - YYCache

SPEC CHECKSUMS:
  SDWebImage: 47e9b5b925cbce75946c23f0c42dd19464189af4
  YYCache: 8105b6638f5e849296c71f331ff83891a4942952

PODFILE CHECKSUM: ba829390b563f0448e031662790ad0bf6731d3dc

COCOAPODS: 1.5.3
